// !$*UTF8*$!
{
	archiveVersion = 1;
	classes = {
	};
	objectVersion = 46;
	objects = {

/* Begin PBXBuildFile section */
		CC4228461A888F0200528488 /* Foundation.framework in Frameworks */ = {isa = PBXBuildFile; fileRef = CC4228451A888F0200528488 /* Foundation.framework */; };
		CC4228481A888F0200528488 /* CoreGraphics.framework in Frameworks */ = {isa = PBXBuildFile; fileRef = CC4228471A888F0200528488 /* CoreGraphics.framework */; };
		CC42284A1A888F0200528488 /* UIKit.framework in Frameworks */ = {isa = PBXBuildFile; fileRef = CC4228491A888F0200528488 /* UIKit.framework */; };
		CC4228501A888F0200528488 /* InfoPlist.strings in Resources */ = {isa = PBXBuildFile; fileRef = CC42284E1A888F0200528488 /* InfoPlist.strings */; };
		CC4228521A888F0200528488 /* main.m in Sources */ = {isa = PBXBuildFile; fileRef = CC4228511A888F0200528488 /* main.m */; };
		CC4228561A888F0200528488 /* QYAppDelegate.m in Sources */ = {isa = PBXBuildFile; fileRef = CC4228551A888F0200528488 /* QYAppDelegate.m */; };
		CC4228591A888F0200528488 /* Main.storyboard in Resources */ = {isa = PBXBuildFile; fileRef = CC4228571A888F0200528488 /* Main.storyboard */; };
		CC42285C1A888F0200528488 /* QYViewController.m in Sources */ = {isa = PBXBuildFile; fileRef = CC42285B1A888F0200528488 /* QYViewController.m */; };
		CC42285E1A888F0200528488 /* Images.xcassets in Resources */ = {isa = PBXBuildFile; fileRef = CC42285D1A888F0200528488 /* Images.xcassets */; };
		CC4228651A888F0200528488 /* XCTest.framework in Frameworks */ = {isa = PBXBuildFile; fileRef = CC4228641A888F0200528488 /* XCTest.framework */; };
		CC4228661A888F0200528488 /* Foundation.framework in Frameworks */ = {isa = PBXBuildFile; fileRef = CC4228451A888F0200528488 /* Foundation.framework */; };
		CC4228671A888F0200528488 /* UIKit.framework in Frameworks */ = {isa = PBXBuildFile; fileRef = CC4228491A888F0200528488 /* UIKit.framework */; };
		CC42286F1A888F0200528488 /* InfoPlist.strings in Resources */ = {isa = PBXBuildFile; fileRef = CC42286D1A888F0200528488 /* InfoPlist.strings */; };
		CC4228711A888F0200528488 /* UITextFieldHomeworkTests.m in Sources */ = {isa = PBXBuildFile; fileRef = CC4228701A888F0200528488 /* UITextFieldHomeworkTests.m */; };
/* End PBXBuildFile section */

/* Begin PBXContainerItemProxy section */
		CC4228681A888F0200528488 /* PBXContainerItemProxy */ = {
			isa = PBXContainerItemProxy;
			containerPortal = CC42283A1A888F0200528488 /* Project object */;
			proxyType = 1;
			remoteGlobalIDString = CC4228411A888F0200528488;
			remoteInfo = UITextFieldHomework;
		};
/* End PBXContainerItemProxy section */

/* Begin PBXFileReference section */
		CC4228421A888F0200528488 /* UITextFieldHomework.app */ = {isa = PBXFileReference; explicitFileType = wrapper.application; includeInIndex = 0; path = UITextFieldHomework.app; sourceTree = BUILT_PRODUCTS_DIR; };
		CC4228451A888F0200528488 /* Foundation.framework */ = {isa = PBXFileReference; lastKnownFileType = wrapper.framework; name = Foundation.framework; path = System/Library/Frameworks/Foundation.framework; sourceTree = SDKROOT; };
		CC4228471A888F0200528488 /* CoreGraphics.framework */ = {isa = PBXFileReference; lastKnownFileType = wrapper.framework; name = CoreGraphics.framework; path = System/Library/Frameworks/CoreGraphics.framework; sourceTree = SDKROOT; };
		CC4228491A888F0200528488 /* UIKit.framework */ = {isa = PBXFileReference; lastKnownFileType = wrapper.framework; name = UIKit.framework; path = System/Library/Frameworks/UIKit.framework; sourceTree = SDKROOT; };
		CC42284D1A888F0200528488 /* UITextFieldHomework-Info.plist */ = {isa = PBXFileReference; lastKnownFileType = text.plist.xml; path = "UITextFieldHomework-Info.plist"; sourceTree = "<group>"; };
		CC42284F1A888F0200528488 /* en */ = {isa = PBXFileReference; lastKnownFileType = text.plist.strings; name = en; path = en.lproj/InfoPlist.strings; sourceTree = "<group>"; };
		CC4228511A888F0200528488 /* main.m */ = {isa = PBXFileReference; lastKnownFileType = sourcecode.c.objc; path = main.m; sourceTree = "<group>"; };
		CC4228531A888F0200528488 /* UITextFieldHomework-Prefix.pch */ = {isa = PBXFileReference; lastKnownFileType = sourcecode.c.h; path = "UITextFieldHomework-Prefix.pch"; sourceTree = "<group>"; };
		CC4228541A888F0200528488 /* QYAppDelegate.h */ = {isa = PBXFileReference; lastKnownFileType = sourcecode.c.h; path = QYAppDelegate.h; sourceTree = "<group>"; };
		CC4228551A888F0200528488 /* QYAppDelegate.m */ = {isa = PBXFileReference; lastKnownFileType = sourcecode.c.objc; path = QYAppDelegate.m; sourceTree = "<group>"; };
		CC4228581A888F0200528488 /* Base */ = {isa = PBXFileReference; lastKnownFileType = file.storyboard; name = Base; path = Base.lproj/Main.storyboard; sourceTree = "<group>"; };
		CC42285A1A888F0200528488 /* QYViewController.h */ = {isa = PBXFileReference; lastKnownFileType = sourcecode.c.h; path = QYViewController.h; sourceTree = "<group>"; };
		CC42285B1A888F0200528488 /* QYViewController.m */ = {isa = PBXFileReference; lastKnownFileType = sourcecode.c.objc; path = QYViewController.m; sourceTree = "<group>"; };
		CC42285D1A888F0200528488 /* Images.xcassets */ = {isa = PBXFileReference; lastKnownFileType = folder.assetcatalog; path = Images.xcassets; sourceTree = "<group>"; };
		CC4228631A888F0200528488 /* UITextFieldHomeworkTests.xctest */ = {isa = PBXFileReference; explicitFileType = wrapper.cfbundle; includeInIndex = 0; path = UITextFieldHomeworkTests.xctest; sourceTree = BUILT_PRODUCTS_DIR; };
		CC4228641A888F0200528488 /* XCTest.framework */ = {isa = PBXFileReference; lastKnownFileType = wrapper.framework; name = XCTest.framework; path = Library/Frameworks/XCTest.framework; sourceTree = DEVELOPER_DIR; };
		CC42286C1A888F0200528488 /* UITextFieldHomeworkTests-Info.plist */ = {isa = PBXFileReference; lastKnownFileType = text.plist.xml; path = "UITextFieldHomeworkTests-Info.plist"; sourceTree = "<group>"; };
		CC42286E1A888F0200528488 /* en */ = {isa = PBXFileReference; lastKnownFileType = text.plist.strings; name = en; path = en.lproj/InfoPlist.strings; sourceTree = "<group>"; };
		CC4228701A888F0200528488 /* UITextFieldHomeworkTests.m */ = {isa = PBXFileReference; lastKnownFileType = sourcecode.c.objc; path = UITextFieldHomeworkTests.m; sourceTree = "<group>"; };
/* End PBXFileReference section */

/* Begin PBXFrameworksBuildPhase section */
		CC42283F1A888F0200528488 /* Frameworks */ = {
			isa = PBXFrameworksBuildPhase;
			buildActionMask = 2147483647;
			files = (
				CC4228481A888F0200528488 /* CoreGraphics.framework in Frameworks */,
				CC42284A1A888F0200528488 /* UIKit.framework in Frameworks */,
				CC4228461A888F0200528488 /* Foundation.framework in Frameworks */,
			);
			runOnlyForDeploymentPostprocessing = 0;
		};
		CC4228601A888F0200528488 /* Frameworks */ = {
			isa = PBXFrameworksBuildPhase;
			buildActionMask = 2147483647;
			files = (
				CC4228651A888F0200528488 /* XCTest.framework in Frameworks */,
				CC4228671A888F0200528488 /* UIKit.framework in Frameworks */,
				CC4228661A888F0200528488 /* Foundation.framework in Frameworks */,
			);
			runOnlyForDeploymentPostprocessing = 0;
		};
/* End PBXFrameworksBuildPhase section */

/* Begin PBXGroup section */
		CC4228391A888F0200528488 = {
			isa = PBXGroup;
			children = (
				CC42284B1A888F0200528488 /* UITextFieldHomework */,
				CC42286A1A888F0200528488 /* UITextFieldHomeworkTests */,
				CC4228441A888F0200528488 /* Frameworks */,
				CC4228431A888F0200528488 /* Products */,
			);
			sourceTree = "<group>";
		};
		CC4228431A888F0200528488 /* Products */ = {
			isa = PBXGroup;
			children = (
				CC4228421A888F0200528488 /* UITextFieldHomework.app */,
				CC4228631A888F0200528488 /* UITextFieldHomeworkTests.xctest */,
			);
			name = Products;
			sourceTree = "<group>";
		};
		CC4228441A888F0200528488 /* Frameworks */ = {
			isa = PBXGroup;
			children = (
				CC4228451A888F0200528488 /* Foundation.framework */,
				CC4228471A888F0200528488 /* CoreGraphics.framework */,
				CC4228491A888F0200528488 /* UIKit.framework */,
				CC4228641A888F0200528488 /* XCTest.framework */,
			);
			name = Frameworks;
			sourceTree = "<group>";
		};
		CC42284B1A888F0200528488 /* UITextFieldHomework */ = {
			isa = PBXGroup;
			children = (
				CC4228541A888F0200528488 /* QYAppDelegate.h */,
				CC4228551A888F0200528488 /* QYAppDelegate.m */,
				CC4228571A888F0200528488 /* Main.storyboard */,
				CC42285A1A888F0200528488 /* QYViewController.h */,
				CC42285B1A888F0200528488 /* QYViewController.m */,
				CC42285D1A888F0200528488 /* Images.xcassets */,
				CC42284C1A888F0200528488 /* Supporting Files */,
			);
			path = UITextFieldHomework;
			sourceTree = "<group>";
		};
		CC42284C1A888F0200528488 /* Supporting Files */ = {
			isa = PBXGroup;
			children = (
				CC42284D1A888F0200528488 /* UITextFieldHomework-Info.plist */,
				CC42284E1A888F0200528488 /* InfoPlist.strings */,
				CC4228511A888F0200528488 /* main.m */,
				CC4228531A888F0200528488 /* UITextFieldHomework-Prefix.pch */,
			);
			name = "Supporting Files";
			sourceTree = "<group>";
		};
		CC42286A1A888F0200528488 /* UITextFieldHomeworkTests */ = {
			isa = PBXGroup;
			children = (
				CC4228701A888F0200528488 /* UITextFieldHomeworkTests.m */,
				CC42286B1A888F0200528488 /* Supporting Files */,
			);
			path = UITextFieldHomeworkTests;
			sourceTree = "<group>";
		};
		CC42286B1A888F0200528488 /* Supporting Files */ = {
			isa = PBXGroup;
			children = (
				CC42286C1A888F0200528488 /* UITextFieldHomeworkTests-Info.plist */,
				CC42286D1A888F0200528488 /* InfoPlist.strings */,
			);
			name = "Supporting Files";
			sourceTree = "<group>";
		};
/* End PBXGroup section */

/* Begin PBXNativeTarget section */
		CC4228411A888F0200528488 /* UITextFieldHomework */ = {
			isa = PBXNativeTarget;
			buildConfigurationList = CC4228741A888F0200528488 /* Build configuration list for PBXNativeTarget "UITextFieldHomework" */;
			buildPhases = (
				CC42283E1A888F0200528488 /* Sources */,
				CC42283F1A888F0200528488 /* Frameworks */,
				CC4228401A888F0200528488 /* Resources */,
			);
			buildRules = (
			);
			dependencies = (
			);
			name = UITextFieldHomework;
			productName = UITextFieldHomework;
			productReference = CC4228421A888F0200528488 /* UITextFieldHomework.app */;
			productType = "com.apple.product-type.application";
		};
		CC4228621A888F0200528488 /* UITextFieldHomeworkTests */ = {
			isa = PBXNativeTarget;
			buildConfigurationList = CC4228771A888F0200528488 /* Build configuration list for PBXNativeTarget "UITextFieldHomeworkTests" */;
			buildPhases = (
				CC42285F1A888F0200528488 /* Sources */,
				CC4228601A888F0200528488 /* Frameworks */,
				CC4228611A888F0200528488 /* Resources */,
			);
			buildRules = (
			);
			dependencies = (
				CC4228691A888F0200528488 /* PBXTargetDependency */,
			);
			name = UITextFieldHomeworkTests;
			productName = UITextFieldHomeworkTests;
			productReference = CC4228631A888F0200528488 /* UITextFieldHomeworkTests.xctest */;
			productType = "com.apple.product-type.bundle.unit-test";
		};
/* End PBXNativeTarget section */

/* Begin PBXProject section */
		CC42283A1A888F0200528488 /* Project object */ = {
			isa = PBXProject;
			attributes = {
				CLASSPREFIX = QY;
				LastUpgradeCheck = 0510;
				ORGANIZATIONNAME = hnqingyun.com;
				TargetAttributes = {
					CC4228621A888F0200528488 = {
						TestTargetID = CC4228411A888F0200528488;
					};
				};
			};
			buildConfigurationList = CC42283D1A888F0200528488 /* Build configuration list for PBXProject "UITextFieldHomework" */;
			compatibilityVersion = "Xcode 3.2";
			developmentRegion = English;
			hasScannedForEncodings = 0;
			knownRegions = (
				en,
				Base,
			);
			mainGroup = CC4228391A888F0200528488;
			productRefGroup = CC4228431A888F0200528488 /* Products */;
			projectDirPath = "";
			projectRoot = "";
			targets = (
				CC4228411A888F0200528488 /* UITextFieldHomework */,
				CC4228621A888F0200528488 /* UITextFieldHomeworkTests */,
			);
		};
/* End PBXProject section */

/* Begin PBXResourcesBuildPhase section */
		CC4228401A888F0200528488 /* Resources */ = {
			isa = PBXResourcesBuildPhase;
			buildActionMask = 2147483647;
			files = (
				CC42285E1A888F0200528488 /* Images.xcassets in Resources */,
				CC4228501A888F0200528488 /* InfoPlist.strings in Resources */,
				CC4228591A888F0200528488 /* Main.storyboard in Resources */,
			);
			runOnlyForDeploymentPostprocessing = 0;
		};
		CC4228611A888F0200528488 /* Resources */ = {
			isa = PBXResourcesBuildPhase;
			buildActionMask = 2147483647;
			files = (
				CC42286F1A888F0200528488 /* InfoPlist.strings in Resources */,
			);
			runOnlyForDeploymentPostprocessing = 0;
		};
/* End PBXResourcesBuildPhase section */

/* Begin PBXSourcesBuildPhase section */
		CC42283E1A888F0200528488 /* Sources */ = {
			isa = PBXSourcesBuildPhase;
			buildActionMask = 2147483647;
			files = (
				CC4228561A888F0200528488 /* QYAppDelegate.m in Sources */,
				CC4228521A888F0200528488 /* main.m in Sources */,
				CC42285C1A888F0200528488 /* QYViewController.m in Sources */,
			);
			runOnlyForDeploymentPostprocessing = 0;
		};
		CC42285F1A888F0200528488 /* Sources */ = {
			isa = PBXSourcesBuildPhase;
			buildActionMask = 2147483647;
			files = (
				CC4228711A888F0200528488 /* UITextFieldHomeworkTests.m in Sources */,
			);
			runOnlyForDeploymentPostprocessing = 0;
		};
/* End PBXSourcesBuildPhase section */

/* Begin PBXTargetDependency section */
		CC4228691A888F0200528488 /* PBXTargetDependency */ = {
			isa = PBXTargetDependency;
			target = CC4228411A888F0200528488 /* UITextFieldHomework */;
			targetProxy = CC4228681A888F0200528488 /* PBXContainerItemProxy */;
		};
/* End PBXTargetDependency section */

/* Begin PBXVariantGroup section */
		CC42284E1A888F0200528488 /* InfoPlist.strings */ = {
			isa = PBXVariantGroup;
			children = (
				CC42284F1A888F0200528488 /* en */,
			);
			name = InfoPlist.strings;
			sourceTree = "<group>";
		};
		CC4228571A888F0200528488 /* Main.storyboard */ = {
			isa = PBXVariantGroup;
			children = (
				CC4228581A888F0200528488 /* Base */,
			);
			name = Main.storyboard;
			sourceTree = "<group>";
		};
		CC42286D1A888F0200528488 /* InfoPlist.strings */ = {
			isa = PBXVariantGroup;
			children = (
				CC42286E1A888F0200528488 /* en */,
			);
			name = InfoPlist.strings;
			sourceTree = "<group>";
		};
/* End PBXVariantGroup section */

/* Begin XCBuildConfiguration section */
		CC4228721A888F0200528488 /* Debug */ = {
			isa = XCBuildConfiguration;
			buildSettings = {
				ALWAYS_SEARCH_USER_PATHS = NO;
				CLANG_CXX_LANGUAGE_STANDARD = "gnu++0x";
				CLANG_CXX_LIBRARY = "libc++";
				CLANG_ENABLE_MODULES = YES;
				CLANG_ENABLE_OBJC_ARC = YES;
				CLANG_WARN_BOOL_CONVERSION = YES;
				CLANG_WARN_CONSTANT_CONVERSION = YES;
				CLANG_WARN_DIRECT_OBJC_ISA_USAGE = YES_ERROR;
				CLANG_WARN_EMPTY_BODY = YES;
				CLANG_WARN_ENUM_CONVERSION = YES;
				CLANG_WARN_INT_CONVERSION = YES;
				CLANG_WARN_OBJC_ROOT_CLASS = YES_ERROR;
				CLANG_WARN__DUPLICATE_METHOD_MATCH = YES;
				"CODE_SIGN_IDENTITY[sdk=iphoneos*]" = "iPhone Developer";
				COPY_PHASE_STRIP = NO;
				GCC_C_LANGUAGE_STANDARD = gnu99;
				GCC_DYNAMIC_NO_PIC = NO;
				GCC_OPTIMIZATION_LEVEL = 0;
				GCC_PREPROCESSOR_DEFINITIONS = (
					"DEBUG=1",
					"$(inherited)",
				);
				GCC_SYMBOLS_PRIVATE_EXTERN = NO;
				GCC_WARN_64_TO_32_BIT_CONVERSION = YES;
				GCC_WARN_ABOUT_RETURN_TYPE = YES_ERROR;
				GCC_WARN_UNDECLARED_SELECTOR = YES;
				GCC_WARN_UNINITIALIZED_AUTOS = YES_AGGRESSIVE;
				GCC_WARN_UNUSED_FUNCTION = YES;
				GCC_WARN_UNUSED_VARIABLE = YES;
				IPHONEOS_DEPLOYMENT_TARGET = 7.1;
				ONLY_ACTIVE_ARCH = YES;
				SDKROOT = iphoneos;
			};
			name = Debug;
		};
		CC4228731A888F0200528488 /* Release */ = {
			isa = XCBuildConfiguration;
			buildSettings = {
				ALWAYS_SEARCH_USER_PATHS = NO;
				CLANG_CXX_LANGUAGE_STANDARD = "gnu++0x";
				CLANG_CXX_LIBRARY = "libc++";
				CLANG_ENABLE_MODULES = YES;
				CLANG_ENABLE_OBJC_ARC = YES;
				CLANG_WARN_BOOL_CONVERSION = YES;
				CLANG_WARN_CONSTANT_CONVERSION = YES;
				CLANG_WARN_DIRECT_OBJC_ISA_USAGE = YES_ERROR;
				CLANG_WARN_EMPTY_BODY = YES;
				CLANG_WARN_ENUM_CONVERSION = YES;
				CLANG_WARN_INT_CONVERSION = YES;
				CLANG_WARN_OBJC_ROOT_CLASS = YES_ERROR;
				CLANG_WARN__DUPLICATE_METHOD_MATCH = YES;
				"CODE_SIGN_IDENTITY[sdk=iphoneos*]" = "iPhone Developer";
				COPY_PHASE_STRIP = YES;
				ENABLE_NS_ASSERTIONS = NO;
				GCC_C_LANGUAGE_STANDARD = gnu99;
				GCC_WARN_64_TO_32_BIT_CONVERSION = YES;
				GCC_WARN_ABOUT_RETURN_TYPE = YES_ERROR;
				GCC_WARN_UNDECLARED_SELECTOR = YES;
				GCC_WARN_UNINITIALIZED_AUTOS = YES_AGGRESSIVE;
				GCC_WARN_UNUSED_FUNCTION = YES;
				GCC_WARN_UNUSED_VARIABLE = YES;
				IPHONEOS_DEPLOYMENT_TARGET = 7.1;
				SDKROOT = iphoneos;
				VALIDATE_PRODUCT = YES;
			};
			name = Release;
		};
		CC4228751A888F0200528488 /* Debug */ = {
			isa = XCBuildConfiguration;
			buildSettings = {
				ASSETCATALOG_COMPILER_APPICON_NAME = AppIcon;
				ASSETCATALOG_COMPILER_LAUNCHIMAGE_NAME = LaunchImage;
				GCC_PRECOMPILE_PREFIX_HEADER = YES;
				GCC_PREFIX_HEADER = "UITextFieldHomework/UITextFieldHomework-Prefix.pch";
				INFOPLIST_FILE = "UITextFieldHomework/UITextFieldHomework-Info.plist";
				PRODUCT_NAME = "$(TARGET_NAME)";
				WRAPPER_EXTENSION = app;
			};
			name = Debug;
		};
		CC4228761A888F0200528488 /* Release */ = {
			isa = XCBuildConfiguration;
			buildSettings = {
				ASSETCATALOG_COMPILER_APPICON_NAME = AppIcon;
				ASSETCATALOG_COMPILER_LAUNCHIMAGE_NAME = LaunchImage;
				GCC_PRECOMPILE_PREFIX_HEADER = YES;
				GCC_PREFIX_HEADER = "UITextFieldHomework/UITextFieldHomework-Prefix.pch";
				INFOPLIST_FILE = "UITextFieldHomework/UITextFieldHomework-Info.plist";
				PRODUCT_NAME = "$(TARGET_NAME)";
				WRAPPER_EXTENSION = app;
			};
			name = Release;
		};
		CC4228781A888F0200528488 /* Debug */ = {
			isa = XCBuildConfiguration;
			buildSettings = {
				BUNDLE_LOADER = "$(BUILT_PRODUCTS_DIR)/UITextFieldHomework.app/UITextFieldHomework";
				FRAMEWORK_SEARCH_PATHS = (
					"$(SDKROOT)/Developer/Library/Frameworks",
					"$(inherited)",
					"$(DEVELOPER_FRAMEWORKS_DIR)",
				);
				GCC_PRECOMPILE_PREFIX_HEADER = YES;
				GCC_PREFIX_HEADER = "UITextFieldHomework/UITextFieldHomework-Prefix.pch";
				GCC_PREPROCESSOR_DEFINITIONS = (
					"DEBUG=1",
					"$(inherited)",
				);
				INFOPLIST_FILE = "UITextFieldHomeworkTests/UITextFieldHomeworkTests-Info.plist";
				PRODUCT_NAME = "$(TARGET_NAME)";
				TEST_HOST = "$(BUNDLE_LOADER)";
				WRAPPER_EXTENSION = xctest;
			};
			name = Debug;
		};
		CC4228791A888F0200528488 /* Release */ = {
			isa = XCBuildConfiguration;
			buildSettings = {
				BUNDLE_LOADER = "$(BUILT_PRODUCTS_DIR)/UITextFieldHomework.app/UITextFieldHomework";
				FRAMEWORK_SEARCH_PATHS = (
					"$(SDKROOT)/Developer/Library/Frameworks",
					"$(inherited)",
					"$(DEVELOPER_FRAMEWORKS_DIR)",
				);
				GCC_PRECOMPILE_PREFIX_HEADER = YES;
				GCC_PREFIX_HEADER = "UITextFieldHomework/UITextFieldHomework-Prefix.pch";
				INFOPLIST_FILE = "UITextFieldHomeworkTests/UITextFieldHomeworkTests-Info.plist";
				PRODUCT_NAME = "$(TARGET_NAME)";
				TEST_HOST = "$(BUNDLE_LOADER)";
				WRAPPER_EXTENSION = xctest;
			};
			name = Release;
		};
/* End XCBuildConfiguration section */

/* Begin XCConfigurationList section */
		CC42283D1A888F0200528488 /* Build configuration list for PBXProject "UITextFieldHomework" */ = {
			isa = XCConfigurationList;
			buildConfigurations = (
				CC4228721A888F0200528488 /* Debug */,
				CC4228731A888F0200528488 /* Release */,
			);
			defaultConfigurationIsVisible = 0;
			defaultConfigurationName = Release;
		};
		CC4228741A888F0200528488 /* Build configuration list for PBXNativeTarget "UITextFieldHomework" */ = {
			isa = XCConfigurationList;
			buildConfigurations = (
				CC4228751A888F0200528488 /* Debug */,
				CC4228761A888F0200528488 /* Release */,
			);
			defaultConfigurationIsVisible = 0;
		};
		CC4228771A888F0200528488 /* Build configuration list for PBXNativeTarget "UITextFieldHomeworkTests" */ = {
			isa = XCConfigurationList;
			buildConfigurations = (
				CC4228781A888F0200528488 /* Debug */,
				CC4228791A888F0200528488 /* Release */,
			);
			defaultConfigurationIsVisible = 0;
		};
/* End XCConfigurationList section */
	};
	rootObject = CC42283A1A888F0200528488 /* Project object */;
}
